
Microsoft Visual Studio Solution File, Format Version 12.00
# Visual Studio Version 17
VisualStudioVersion = 17.0.31903.59
MinimumVisualStudioVersion = 10.0.40219.1
Project("{FAE04EC0-301F-11D3-BF4B-00C04F79EFBC}") = "GameAI2", "GameAI2\GameAI2.csproj", "{053ABF58-ABDB-4BA0-B2EF-FBF628725DB3}"
EndProject
Global
	GlobalSection(SolutionConfigurationPlatforms) = preSolution
		Debug|Any CPU = Debug|Any CPU
		Release|Any CPU = Release|Any CPU
	EndGlobalSection
	GlobalSection(ProjectConfigurationPlatforms) = postSolution
		{053ABF58-ABDB-4BA0-B2EF-FBF628725DB3}.Debug|Any CPU.ActiveCfg = Debug|Any CPU
		{053ABF58-ABDB-4BA0-B2EF-FBF628725DB3}.Debug|Any CPU.Build.0 = Debug|Any CPU
		{053ABF58-ABDB-4BA0-B2EF-FBF628725DB3}.Release|Any CPU.ActiveCfg = Release|Any CPU
		{053ABF58-ABDB-4BA0-B2EF-FBF628725DB3}.Release|Any CPU.Build.0 = Release|Any CPU
	EndGlobalSection
	GlobalSection(SolutionProperties) = preSolution
		HideSolutionNode = FALSE
	EndGlobalSection
	GlobalSection(ExtensibilityGlobals) = postSolution
		SolutionGuid = {45306DFE-9B0C-4647-B602-912BD823C45E}
	EndGlobalSection
EndGlobal
